
Microsoft Visual Studio Solution File, Format Version 12.00
# Visual Studio Version 17
VisualStudioVersion = 17.12.35707.178
MinimumVisualStudioVersion = 10.0.40219.1
Project("{FAE04EC0-301F-11D3-BF4B-00C04F79EFBC}") = "Demo", "Demo\Demo.csproj", "{6246624D-568F-4DD6-B70C-5F61E84E61F4}"
EndProject
Project("{FAE04EC0-301F-11D3-BF4B-00C04F79EFBC}") = "Assginment", "Assginment\Assginment.csproj", "{C3E8B01A-EF12-4D19-920F-B3995C495FD5}"
EndProject
Global
	GlobalSection(SolutionConfigurationPlatforms) = preSolution
		Debug|Any CPU = Debug|Any CPU
		Release|Any CPU = Release|Any CPU
	EndGlobalSection
	GlobalSection(ProjectConfigurationPlatforms) = postSolution
		{6246624D-568F-4DD6-B70C-5F61E84E61F4}.Debug|Any CPU.ActiveCfg = Debug|Any CPU
		{6246624D-568F-4DD6-B70C-5F61E84E61F4}.Debug|Any CPU.Build.0 = Debug|Any CPU
		{6246624D-568F-4DD6-B70C-5F61E84E61F4}.Release|Any CPU.ActiveCfg = Release|Any CPU
		{6246624D-568F-4DD6-B70C-5F61E84E61F4}.Release|Any CPU.Build.0 = Release|Any CPU
		{C3E8B01A-EF12-4D19-920F-B3995C495FD5}.Debug|Any CPU.ActiveCfg = Debug|Any CPU
		{C3E8B01A-EF12-4D19-920F-B3995C495FD5}.Debug|Any CPU.Build.0 = Debug|Any CPU
		{C3E8B01A-EF12-4D19-920F-B3995C495FD5}.Release|Any CPU.ActiveCfg = Release|Any CPU
		{C3E8B01A-EF12-4D19-920F-B3995C495FD5}.Release|Any CPU.Build.0 = Release|Any CPU
	EndGlobalSection
	GlobalSection(SolutionProperties) = preSolution
		HideSolutionNode = FALSE
	EndGlobalSection
EndGlobal
